schema: '2.0'
stages:
  prepare:
    cmd: python3.12 src/prepare.py data/raw data/prepared
    deps:
    - path: data/raw
      hash: md5
      md5: 28ad6b28838a79891459cf359d2d0713.dir
      size: 8829078
      nfiles: 1606
    - path: src/prepare.py
      hash: md5
      md5: 4eebf010d346897091c0a342aece4940
      size: 2513
    - path: src/utils/seed.py
      hash: md5
      md5: 963a551c177450f50e4f11bd1a9ab2c7
      size: 437
    params:
      params.yaml:
        prepare:
          seed: 77
          split: 0.2
          image_size:
          - 32
          - 32
          grayscale: true
    outs:
    - path: data/prepared
      hash: md5
      md5: fbe03a03cb1d219806c1db84118d459a.dir
      size: 6616401
      nfiles: 8
  train:
    cmd: python3.12 src/train.py data/prepared model
    deps:
    - path: data/prepared
      hash: md5
      md5: fbe03a03cb1d219806c1db84118d459a.dir
      size: 6616401
      nfiles: 8
    - path: src/train.py
      hash: md5
      md5: f0c533685de7ddb3f8a8d9d4c221747e
      size: 3856
    - path: src/utils/seed.py
      hash: md5
      md5: 963a551c177450f50e4f11bd1a9ab2c7
      size: 437
    params:
      params.yaml:
        train:
          seed: 77
          lr: 0.001
          epochs: 20
          conv_size: 64
          dense_size: 128
          output_classes: 11
    outs:
    - path: model
      hash: md5
      md5: 0e9528f0305a09054c5b65b6c4814267.dir
      size: 8129064
      nfiles: 2
  evaluate:
    cmd: python3.12 src/evaluate.py model data/prepared
    deps:
    - path: model
      hash: md5
      md5: 0e9528f0305a09054c5b65b6c4814267.dir
      size: 8129064
      nfiles: 2
    - path: src/evaluate.py
      hash: md5
      md5: ed775b26fb8d8b7d91f99e83ca8c42f9
      size: 5480
    outs:
    - path: evaluation/metrics.json
      hash: md5
      md5: 0db115c4a17b74930fd02e3180f8dfc2
      size: 50
    - path: evaluation/plots/confusion_matrix.png
      hash: md5
      md5: b7c5d0d9ae7cfcdaf8c0dcd6a3bfe4bb
      size: 41806
    - path: evaluation/plots/pred_preview.png
      hash: md5
      md5: cd1ab140a35cd59ba8000d3b655dfeb6
      size: 43591
    - path: evaluation/plots/training_history.png
      hash: md5
      md5: 7ede2e49fd0f9be41a173b055df48c61
      size: 38873
