schema: '2.0'
stages:
  prepare:
    cmd: python3.12 src/prepare.py data/raw data/prepared
    deps:
    - path: data/raw
      hash: md5
      md5: 28ad6b28838a79891459cf359d2d0713.dir
      size: 8829078
      nfiles: 1606
    - path: src/prepare.py
      hash: md5
      md5: 4eebf010d346897091c0a342aece4940
      size: 2513
    - path: src/utils/seed.py
      hash: md5
      md5: 963a551c177450f50e4f11bd1a9ab2c7
      size: 437
    params:
      params.yaml:
        prepare:
          seed: 77
          split: 0.2
          image_size:
          - 32
          - 32
          grayscale: true
    outs:
    - path: data/prepared
      hash: md5
      md5: fbe03a03cb1d219806c1db84118d459a.dir
      size: 6616401
      nfiles: 8
  train:
    cmd: python3.12 src/train.py data/prepared model
    deps:
    - path: data/prepared
      hash: md5
      md5: fbe03a03cb1d219806c1db84118d459a.dir
      size: 6616401
      nfiles: 8
    - path: src/train.py
      hash: md5
      md5: f0c533685de7ddb3f8a8d9d4c221747e
      size: 3856
    - path: src/utils/seed.py
      hash: md5
      md5: 963a551c177450f50e4f11bd1a9ab2c7
      size: 437
    params:
      params.yaml:
        train:
          seed: 77
          lr: 0.001
          epochs: 10
          conv_size: 64
          dense_size: 128
          output_classes: 11
    outs:
    - path: model
      hash: md5
      md5: df4b9e059d1e6e89420f586ae491ec17.dir
      size: 8377596
      nfiles: 2
  evaluate:
    cmd: python3.12 src/evaluate.py model data/prepared
    deps:
    - path: model
      hash: md5
      md5: df4b9e059d1e6e89420f586ae491ec17.dir
      size: 8377596
      nfiles: 2
    - path: src/evaluate.py
      hash: md5
      md5: ed775b26fb8d8b7d91f99e83ca8c42f9
      size: 5480
    outs:
    - path: evaluation/metrics.json
      hash: md5
      md5: b4ffbec06c0b93c26ec314fb6d5d56a0
      size: 64
    - path: evaluation/plots/confusion_matrix.png
      hash: md5
      md5: 82321dddfde225007d0b80fdc4eb3445
      size: 45676
    - path: evaluation/plots/pred_preview.png
      hash: md5
      md5: 4d13220a1900e3213a825dcc7ad87dad
      size: 43555
    - path: evaluation/plots/training_history.png
      hash: md5
      md5: 3233ff9a27e3cb0296d1c49201a6d471
      size: 37427
